
Microsoft Visual Studio Solution File, Format Version 12.00
# Visual Studio Version 16
VisualStudioVersion = 16.0.32901.82
MinimumVisualStudioVersion = 10.0.40219.1
Project("{FAE04EC0-301F-11D3-BF4B-00C04F79EFBC}") = "UpLoadFileToSharePoint", "UpLoadFileToSharePoint\UpLoadFileToSharePoint.csproj", "{62E420C7-63E7-4BDC-80D7-D913C591D240}"
EndProject
Global
	GlobalSection(SolutionConfigurationPlatforms) = preSolution
		Debug|Any CPU = Debug|Any CPU
		Release|Any CPU = Release|Any CPU
	EndGlobalSection
	GlobalSection(ProjectConfigurationPlatforms) = postSolution
		{62E420C7-63E7-4BDC-80D7-D913C591D240}.Debug|Any CPU.ActiveCfg = Debug|Any CPU
		{62E420C7-63E7-4BDC-80D7-D913C591D240}.Debug|Any CPU.Build.0 = Debug|Any CPU
		{62E420C7-63E7-4BDC-80D7-D913C591D240}.Release|Any CPU.ActiveCfg = Release|Any CPU
		{62E420C7-63E7-4BDC-80D7-D913C591D240}.Release|Any CPU.Build.0 = Release|Any CPU
	EndGlobalSection
	GlobalSection(SolutionProperties) = preSolution
		HideSolutionNode = FALSE
	EndGlobalSection
	GlobalSection(ExtensibilityGlobals) = postSolution
		SolutionGuid = {2F419689-E8A8-45E3-8086-2A80EB065E21}
	EndGlobalSection
EndGlobal
